// !$*UTF8*$!
{
	archiveVersion = 1;
	classes = {
	};
	objectVersion = 55;
	objects = {

/* Begin PBXBuildFile section */
		6D1A7FE727E100AF001AFDCA /* AppNavigatorTest.swift in Sources */ = {isa = PBXBuildFile; fileRef = 6D1A7FE627E100AF001AFDCA /* AppNavigatorTest.swift */; };
		6D1A7FEB27E10F19001AFDCA /* AuthhenticationViewModelTest.swift in Sources */ = {isa = PBXBuildFile; fileRef = 6D1A7FEA27E10F19001AFDCA /* AuthhenticationViewModelTest.swift */; };
		6D56C5A527E3570F0084739C /* DashboardNavigatorTest.swift in Sources */ = {isa = PBXBuildFile; fileRef = 6D56C5A427E3570F0084739C /* DashboardNavigatorTest.swift */; };
		6D56C5A727E359080084739C /* ProfileViewModelTest.swift in Sources */ = {isa = PBXBuildFile; fileRef = 6D56C5A627E359080084739C /* ProfileViewModelTest.swift */; };
		6D73FABE280475A40014CD96 /* DefaultButtonStyle.swift in Sources */ = {isa = PBXBuildFile; fileRef = 6D73FABD280475A40014CD96 /* DefaultButtonStyle.swift */; };
		6D73FAC12804AD290014CD96 /* DefaultTextFieldStyle.swift in Sources */ = {isa = PBXBuildFile; fileRef = 6D73FAC02804AD290014CD96 /* DefaultTextFieldStyle.swift */; };
		6D7CD49827DF769500012150 /* ProgressionDiaryApp.swift in Sources */ = {isa = PBXBuildFile; fileRef = 6D7CD49727DF769500012150 /* ProgressionDiaryApp.swift */; };
		6D7CD49C27DF769700012150 /* Assets.xcassets in Resources */ = {isa = PBXBuildFile; fileRef = 6D7CD49B27DF769700012150 /* Assets.xcassets */; };
		6D7CD49F27DF769700012150 /* Preview Assets.xcassets in Resources */ = {isa = PBXBuildFile; fileRef = 6D7CD49E27DF769700012150 /* Preview Assets.xcassets */; };
		6D7CD4A127DF769700012150 /* Persistence.swift in Sources */ = {isa = PBXBuildFile; fileRef = 6D7CD4A027DF769700012150 /* Persistence.swift */; };
		6D7CD4A427DF769700012150 /* ProgressionDiary.xcdatamodeld in Sources */ = {isa = PBXBuildFile; fileRef = 6D7CD4A227DF769700012150 /* ProgressionDiary.xcdatamodeld */; };
		6D7CD4B827DF769800012150 /* ProgressionDiaryUITests.swift in Sources */ = {isa = PBXBuildFile; fileRef = 6D7CD4B727DF769800012150 /* ProgressionDiaryUITests.swift */; };
		6D7CD4BA27DF769800012150 /* ProgressionDiaryUITestsLaunchTests.swift in Sources */ = {isa = PBXBuildFile; fileRef = 6D7CD4B927DF769800012150 /* ProgressionDiaryUITestsLaunchTests.swift */; };
		6D7CD4C727DF78A100012150 /* GoogleService-Info.plist in Resources */ = {isa = PBXBuildFile; fileRef = 6D7CD4C627DF78A100012150 /* GoogleService-Info.plist */; };
		6D7CD4CA27DF7A2200012150 /* FirebaseAuth in Frameworks */ = {isa = PBXBuildFile; productRef = 6D7CD4C927DF7A2200012150 /* FirebaseAuth */; };
		6D7CD4CC27DF7A2200012150 /* FirebaseFirestore in Frameworks */ = {isa = PBXBuildFile; productRef = 6D7CD4CB27DF7A2200012150 /* FirebaseFirestore */; };
		6D7CD4D027DF7EA400012150 /* SwiftyMocky in Frameworks */ = {isa = PBXBuildFile; productRef = 6D7CD4CF27DF7EA400012150 /* SwiftyMocky */; };
		6D7CD4D727DF82C600012150 /* Localizable.strings in Resources */ = {isa = PBXBuildFile; fileRef = 6D7CD4D527DF82C600012150 /* Localizable.strings */; };
		6D7CD4DB27DF860B00012150 /* Assets.swift in Sources */ = {isa = PBXBuildFile; fileRef = 6D7CD4D927DF860A00012150 /* Assets.swift */; };
		6D7CD4DC27DF860B00012150 /* Localizable.swift in Sources */ = {isa = PBXBuildFile; fileRef = 6D7CD4DA27DF860A00012150 /* Localizable.swift */; };
		6D7CD4E027DF890800012150 /* AuthService.swift in Sources */ = {isa = PBXBuildFile; fileRef = 6D7CD4DF27DF890800012150 /* AuthService.swift */; };
		6D7CD4E327DF8D8A00012150 /* Error+Extensions.swift in Sources */ = {isa = PBXBuildFile; fileRef = 6D7CD4E227DF8D8A00012150 /* Error+Extensions.swift */; };
		6D7CD4E927DFC62C00012150 /* AppNavigator.swift in Sources */ = {isa = PBXBuildFile; fileRef = 6D7CD4E827DFC62C00012150 /* AppNavigator.swift */; };
		6D7CD4EC27DFC6A100012150 /* Resolver in Frameworks */ = {isa = PBXBuildFile; productRef = 6D7CD4EB27DFC6A100012150 /* Resolver */; };
		6D7CD4EF27DFC6F400012150 /* Navigator.swift in Sources */ = {isa = PBXBuildFile; fileRef = 6D7CD4EE27DFC6F300012150 /* Navigator.swift */; };
		6D7CD4F427E0B61800012150 /* AppViewModel.swift in Sources */ = {isa = PBXBuildFile; fileRef = 6D7CD4F327E0B61800012150 /* AppViewModel.swift */; };
		6D7CD4FD27E0BEEB00012150 /* AppViewModelTest.swift in Sources */ = {isa = PBXBuildFile; fileRef = 6D7CD4FC27E0BEEB00012150 /* AppViewModelTest.swift */; };
		6D7CD4FE27E0C00100012150 /* Mock.generated.swift in Sources */ = {isa = PBXBuildFile; fileRef = 6D7CD4F827E0B94D00012150 /* Mock.generated.swift */; };
		6D7CD50227E0ED9400012150 /* AppView.swift in Sources */ = {isa = PBXBuildFile; fileRef = 6D7CD50127E0ED9400012150 /* AppView.swift */; };
		6D7CD50527E0EEE300012150 /* DI.swift in Sources */ = {isa = PBXBuildFile; fileRef = 6D7CD50427E0EEE300012150 /* DI.swift */; };
		6D7CD50727E0EF1700012150 /* DI+Navigator.swift in Sources */ = {isa = PBXBuildFile; fileRef = 6D7CD50627E0EF1700012150 /* DI+Navigator.swift */; };
		6D7CD50927E0EF9700012150 /* DI+Services.swift in Sources */ = {isa = PBXBuildFile; fileRef = 6D7CD50827E0EF9700012150 /* DI+Services.swift */; };
		6D7CD50B27E0F02800012150 /* DI+ViewModels.swift in Sources */ = {isa = PBXBuildFile; fileRef = 6D7CD50A27E0F02800012150 /* DI+ViewModels.swift */; };
		6D7CD50D27E0F3C900012150 /* AuthenticationViewModel.swift in Sources */ = {isa = PBXBuildFile; fileRef = 6D7CD50C27E0F3C900012150 /* AuthenticationViewModel.swift */; };
		6D7CD50F27E0F3DE00012150 /* AuthenticationView.swift in Sources */ = {isa = PBXBuildFile; fileRef = 6D7CD50E27E0F3DD00012150 /* AuthenticationView.swift */; };
		6D8AE1122807219900273920 /* Color+Extensions.swift in Sources */ = {isa = PBXBuildFile; fileRef = 6D8AE1112807219900273920 /* Color+Extensions.swift */; };
		6D8AE114280B1CFC00273920 /* SementedControl.swift in Sources */ = {isa = PBXBuildFile; fileRef = 6D8AE113280B1CFB00273920 /* SementedControl.swift */; };
		6DD9A68F27E212C400AAC8FD /* DashboardView.swift in Sources */ = {isa = PBXBuildFile; fileRef = 6DD9A68E27E212C400AAC8FD /* DashboardView.swift */; };
		6DD9A69127E212E000AAC8FD /* DashboardNavigator.swift in Sources */ = {isa = PBXBuildFile; fileRef = 6DD9A69027E212E000AAC8FD /* DashboardNavigator.swift */; };
		6DD9A69327E2130900AAC8FD /* DashboardViewModel.swift in Sources */ = {isa = PBXBuildFile; fileRef = 6DD9A69227E2130900AAC8FD /* DashboardViewModel.swift */; };
		6DD9A69527E2157D00AAC8FD /* DashboardViewModelTest.swift in Sources */ = {isa = PBXBuildFile; fileRef = 6DD9A69427E2157D00AAC8FD /* DashboardViewModelTest.swift */; };
		6DD9A69A27E2289800AAC8FD /* ProfileViewModel.swift in Sources */ = {isa = PBXBuildFile; fileRef = 6DD9A69927E2289800AAC8FD /* ProfileViewModel.swift */; };
		6DD9A69C27E228BF00AAC8FD /* ProfileView.swift in Sources */ = {isa = PBXBuildFile; fileRef = 6DD9A69B27E228BF00AAC8FD /* ProfileView.swift */; };
		6DE8074C2802BBCC0000CADE /* Loading.swift in Sources */ = {isa = PBXBuildFile; fileRef = 6DE8074B2802BBCC0000CADE /* Loading.swift */; };
		6DE807502802C9800000CADE /* AlertView.swift in Sources */ = {isa = PBXBuildFile; fileRef = 6DE8074F2802C9800000CADE /* AlertView.swift */; };
		6DE807522802D2E60000CADE /* ScreenBackground.swift in Sources */ = {isa = PBXBuildFile; fileRef = 6DE807512802D2E60000CADE /* ScreenBackground.swift */; };
/* End PBXBuildFile section */

/* Begin PBXContainerItemProxy section */
		6D7CD4AA27DF769800012150 /* PBXContainerItemProxy */ = {
			isa = PBXContainerItemProxy;
			containerPortal = 6D7CD48C27DF769500012150 /* Project object */;
			proxyType = 1;
			remoteGlobalIDString = 6D7CD49327DF769500012150;
			remoteInfo = ProgressionDiary;
		};
		6D7CD4B427DF769800012150 /* PBXContainerItemProxy */ = {
			isa = PBXContainerItemProxy;
			containerPortal = 6D7CD48C27DF769500012150 /* Project object */;
			proxyType = 1;
			remoteGlobalIDString = 6D7CD49327DF769500012150;
			remoteInfo = ProgressionDiary;
		};
/* End PBXContainerItemProxy section */

/* Begin PBXFileReference section */
		6D1A7FE627E100AF001AFDCA /* AppNavigatorTest.swift */ = {isa = PBXFileReference; lastKnownFileType = sourcecode.swift; path = AppNavigatorTest.swift; sourceTree = "<group>"; };
		6D1A7FEA27E10F19001AFDCA /* AuthhenticationViewModelTest.swift */ = {isa = PBXFileReference; lastKnownFileType = sourcecode.swift; path = AuthhenticationViewModelTest.swift; sourceTree = "<group>"; };
		6D56C5A427E3570F0084739C /* DashboardNavigatorTest.swift */ = {isa = PBXFileReference; lastKnownFileType = sourcecode.swift; path = DashboardNavigatorTest.swift; sourceTree = "<group>"; };
		6D56C5A627E359080084739C /* ProfileViewModelTest.swift */ = {isa = PBXFileReference; lastKnownFileType = sourcecode.swift; path = ProfileViewModelTest.swift; sourceTree = "<group>"; };
		6D73FABD280475A40014CD96 /* DefaultButtonStyle.swift */ = {isa = PBXFileReference; lastKnownFileType = sourcecode.swift; path = DefaultButtonStyle.swift; sourceTree = "<group>"; };
		6D73FAC02804AD290014CD96 /* DefaultTextFieldStyle.swift */ = {isa = PBXFileReference; lastKnownFileType = sourcecode.swift; path = DefaultTextFieldStyle.swift; sourceTree = "<group>"; };
		6D7CD49427DF769500012150 /* ProgressionDiary.app */ = {isa = PBXFileReference; explicitFileType = wrapper.application; includeInIndex = 0; path = ProgressionDiary.app; sourceTree = BUILT_PRODUCTS_DIR; };
		6D7CD49727DF769500012150 /* ProgressionDiaryApp.swift */ = {isa = PBXFileReference; lastKnownFileType = sourcecode.swift; path = ProgressionDiaryApp.swift; sourceTree = "<group>"; };
		6D7CD49B27DF769700012150 /* Assets.xcassets */ = {isa = PBXFileReference; lastKnownFileType = folder.assetcatalog; path = Assets.xcassets; sourceTree = "<group>"; };
		6D7CD49E27DF769700012150 /* Preview Assets.xcassets */ = {isa = PBXFileReference; lastKnownFileType = folder.assetcatalog; path = "Preview Assets.xcassets"; sourceTree = "<group>"; };
		6D7CD4A027DF769700012150 /* Persistence.swift */ = {isa = PBXFileReference; lastKnownFileType = sourcecode.swift; path = Persistence.swift; sourceTree = "<group>"; };
		6D7CD4A327DF769700012150 /* ProgressionDiary.xcdatamodel */ = {isa = PBXFileReference; lastKnownFileType = wrapper.xcdatamodel; path = ProgressionDiary.xcdatamodel; sourceTree = "<group>"; };
		6D7CD4A927DF769800012150 /* ProgressionDiaryTests.xctest */ = {isa = PBXFileReference; explicitFileType = wrapper.cfbundle; includeInIndex = 0; path = ProgressionDiaryTests.xctest; sourceTree = BUILT_PRODUCTS_DIR; };
		6D7CD4B327DF769800012150 /* ProgressionDiaryUITests.xctest */ = {isa = PBXFileReference; explicitFileType = wrapper.cfbundle; includeInIndex = 0; path = ProgressionDiaryUITests.xctest; sourceTree = BUILT_PRODUCTS_DIR; };
		6D7CD4B727DF769800012150 /* ProgressionDiaryUITests.swift */ = {isa = PBXFileReference; lastKnownFileType = sourcecode.swift; path = ProgressionDiaryUITests.swift; sourceTree = "<group>"; };
		6D7CD4B927DF769800012150 /* ProgressionDiaryUITestsLaunchTests.swift */ = {isa = PBXFileReference; lastKnownFileType = sourcecode.swift; path = ProgressionDiaryUITestsLaunchTests.swift; sourceTree = "<group>"; };
		6D7CD4C627DF78A100012150 /* GoogleService-Info.plist */ = {isa = PBXFileReference; fileEncoding = 4; lastKnownFileType = text.plist.xml; path = "GoogleService-Info.plist"; sourceTree = "<group>"; };
		6D7CD4D627DF82C600012150 /* en */ = {isa = PBXFileReference; lastKnownFileType = text.plist.strings; name = en; path = Localizable.strings; sourceTree = "<group>"; };
		6D7CD4D927DF860A00012150 /* Assets.swift */ = {isa = PBXFileReference; fileEncoding = 4; lastKnownFileType = sourcecode.swift; name = Assets.swift; path = ProgressionDiary/Resources/Generated/Assets.swift; sourceTree = SOURCE_ROOT; };
		6D7CD4DA27DF860A00012150 /* Localizable.swift */ = {isa = PBXFileReference; fileEncoding = 4; lastKnownFileType = sourcecode.swift; name = Localizable.swift; path = ProgressionDiary/Resources/Generated/Localizable.swift; sourceTree = SOURCE_ROOT; };
		6D7CD4DF27DF890800012150 /* AuthService.swift */ = {isa = PBXFileReference; lastKnownFileType = sourcecode.swift; path = AuthService.swift; sourceTree = "<group>"; };
		6D7CD4E227DF8D8A00012150 /* Error+Extensions.swift */ = {isa = PBXFileReference; lastKnownFileType = sourcecode.swift; path = "Error+Extensions.swift"; sourceTree = "<group>"; };
		6D7CD4E827DFC62C00012150 /* AppNavigator.swift */ = {isa = PBXFileReference; lastKnownFileType = sourcecode.swift; path = AppNavigator.swift; sourceTree = "<group>"; };
		6D7CD4EE27DFC6F300012150 /* Navigator.swift */ = {isa = PBXFileReference; fileEncoding = 4; lastKnownFileType = sourcecode.swift; path = Navigator.swift; sourceTree = "<group>"; };
		6D7CD4F327E0B61800012150 /* AppViewModel.swift */ = {isa = PBXFileReference; lastKnownFileType = sourcecode.swift; path = AppViewModel.swift; sourceTree = "<group>"; };
		6D7CD4F827E0B94D00012150 /* Mock.generated.swift */ = {isa = PBXFileReference; fileEncoding = 4; lastKnownFileType = sourcecode.swift; path = Mock.generated.swift; sourceTree = "<group>"; };
		6D7CD4FC27E0BEEB00012150 /* AppViewModelTest.swift */ = {isa = PBXFileReference; lastKnownFileType = sourcecode.swift; path = AppViewModelTest.swift; sourceTree = "<group>"; };
		6D7CD50127E0ED9400012150 /* AppView.swift */ = {isa = PBXFileReference; lastKnownFileType = sourcecode.swift; path = AppView.swift; sourceTree = "<group>"; };
		6D7CD50427E0EEE300012150 /* DI.swift */ = {isa = PBXFileReference; lastKnownFileType = sourcecode.swift; path = DI.swift; sourceTree = "<group>"; };
		6D7CD50627E0EF1700012150 /* DI+Navigator.swift */ = {isa = PBXFileReference; lastKnownFileType = sourcecode.swift; path = "DI+Navigator.swift"; sourceTree = "<group>"; };
		6D7CD50827E0EF9700012150 /* DI+Services.swift */ = {isa = PBXFileReference; lastKnownFileType = sourcecode.swift; path = "DI+Services.swift"; sourceTree = "<group>"; };
		6D7CD50A27E0F02800012150 /* DI+ViewModels.swift */ = {isa = PBXFileReference; lastKnownFileType = sourcecode.swift; path = "DI+ViewModels.swift"; sourceTree = "<group>"; };
		6D7CD50C27E0F3C900012150 /* AuthenticationViewModel.swift */ = {isa = PBXFileReference; lastKnownFileType = sourcecode.swift; path = AuthenticationViewModel.swift; sourceTree = "<group>"; };
		6D7CD50E27E0F3DD00012150 /* AuthenticationView.swift */ = {isa = PBXFileReference; lastKnownFileType = sourcecode.swift; path = AuthenticationView.swift; sourceTree = "<group>"; };
		6D8AE1112807219900273920 /* Color+Extensions.swift */ = {isa = PBXFileReference; lastKnownFileType = sourcecode.swift; path = "Color+Extensions.swift"; sourceTree = "<group>"; };
		6D8AE113280B1CFB00273920 /* SementedControl.swift */ = {isa = PBXFileReference; lastKnownFileType = sourcecode.swift; path = SementedControl.swift; sourceTree = "<group>"; };
		6DD9A68E27E212C400AAC8FD /* DashboardView.swift */ = {isa = PBXFileReference; lastKnownFileType = sourcecode.swift; path = DashboardView.swift; sourceTree = "<group>"; };
		6DD9A69027E212E000AAC8FD /* DashboardNavigator.swift */ = {isa = PBXFileReference; lastKnownFileType = sourcecode.swift; path = DashboardNavigator.swift; sourceTree = "<group>"; };
		6DD9A69227E2130900AAC8FD /* DashboardViewModel.swift */ = {isa = PBXFileReference; lastKnownFileType = sourcecode.swift; path = DashboardViewModel.swift; sourceTree = "<group>"; };
		6DD9A69427E2157D00AAC8FD /* DashboardViewModelTest.swift */ = {isa = PBXFileReference; lastKnownFileType = sourcecode.swift; path = DashboardViewModelTest.swift; sourceTree = "<group>"; };
		6DD9A69927E2289800AAC8FD /* ProfileViewModel.swift */ = {isa = PBXFileReference; lastKnownFileType = sourcecode.swift; path = ProfileViewModel.swift; sourceTree = "<group>"; };
		6DD9A69B27E228BF00AAC8FD /* ProfileView.swift */ = {isa = PBXFileReference; lastKnownFileType = sourcecode.swift; path = ProfileView.swift; sourceTree = "<group>"; };
		6DE8074B2802BBCC0000CADE /* Loading.swift */ = {isa = PBXFileReference; lastKnownFileType = sourcecode.swift; path = Loading.swift; sourceTree = "<group>"; };
		6DE8074F2802C9800000CADE /* AlertView.swift */ = {isa = PBXFileReference; lastKnownFileType = sourcecode.swift; path = AlertView.swift; sourceTree = "<group>"; };
		6DE807512802D2E60000CADE /* ScreenBackground.swift */ = {isa = PBXFileReference; lastKnownFileType = sourcecode.swift; path = ScreenBackground.swift; sourceTree = "<group>"; };
/* End PBXFileReference section */

/* Begin PBXFrameworksBuildPhase section */
		6D7CD49127DF769500012150 /* Frameworks */ = {
			isa = PBXFrameworksBuildPhase;
			buildActionMask = 2147483647;
			files = (
				6D7CD4EC27DFC6A100012150 /* Resolver in Frameworks */,
				6D7CD4CA27DF7A2200012150 /* FirebaseAuth in Frameworks */,
				6D7CD4CC27DF7A2200012150 /* FirebaseFirestore in Frameworks */,
			);
			runOnlyForDeploymentPostprocessing = 0;
		};
		6D7CD4A627DF769800012150 /* Frameworks */ = {
			isa = PBXFrameworksBuildPhase;
			buildActionMask = 2147483647;
			files = (
				6D7CD4D027DF7EA400012150 /* SwiftyMocky in Frameworks */,
			);
			runOnlyForDeploymentPostprocessing = 0;
		};
		6D7CD4B027DF769800012150 /* Frameworks */ = {
			isa = PBXFrameworksBuildPhase;
			buildActionMask = 2147483647;
			files = (
			);
			runOnlyForDeploymentPostprocessing = 0;
		};
/* End PBXFrameworksBuildPhase section */

/* Begin PBXGroup section */
		6D1A7FE827E10D42001AFDCA /* Navigator */ = {
			isa = PBXGroup;
			children = (
				6D1A7FE627E100AF001AFDCA /* AppNavigatorTest.swift */,
				6D56C5A427E3570F0084739C /* DashboardNavigatorTest.swift */,
			);
			path = Navigator;
			sourceTree = "<group>";
		};
		6D1A7FE927E10D4D001AFDCA /* ViewModel */ = {
			isa = PBXGroup;
			children = (
				6D7CD4FC27E0BEEB00012150 /* AppViewModelTest.swift */,
				6D1A7FEA27E10F19001AFDCA /* AuthhenticationViewModelTest.swift */,
				6DD9A69427E2157D00AAC8FD /* DashboardViewModelTest.swift */,
				6D56C5A627E359080084739C /* ProfileViewModelTest.swift */,
			);
			path = ViewModel;
			sourceTree = "<group>";
		};
		6D73FABF2804AD070014CD96 /* Styles */ = {
			isa = PBXGroup;
			children = (
				6D73FABD280475A40014CD96 /* DefaultButtonStyle.swift */,
				6D73FAC02804AD290014CD96 /* DefaultTextFieldStyle.swift */,
			);
			path = Styles;
			sourceTree = "<group>";
		};
		6D7CD48B27DF769500012150 = {
			isa = PBXGroup;
			children = (
				6D7CD49627DF769500012150 /* ProgressionDiary */,
				6D7CD4AC27DF769800012150 /* ProgressionDiaryTests */,
				6D7CD4B627DF769800012150 /* ProgressionDiaryUITests */,
				6D7CD49527DF769500012150 /* Products */,
			);
			sourceTree = "<group>";
		};
		6D7CD49527DF769500012150 /* Products */ = {
			isa = PBXGroup;
			children = (
				6D7CD49427DF769500012150 /* ProgressionDiary.app */,
				6D7CD4A927DF769800012150 /* ProgressionDiaryTests.xctest */,
				6D7CD4B327DF769800012150 /* ProgressionDiaryUITests.xctest */,
			);
			name = Products;
			sourceTree = "<group>";
		};
		6D7CD49627DF769500012150 /* ProgressionDiary */ = {
			isa = PBXGroup;
			children = (
				6D7CD50327E0EE8C00012150 /* DI */,
				6D7CD4F227E0B5E500012150 /* App */,
				6D7CD4ED27DFC6DD00012150 /* Common */,
				6D7CD4E127DF8D7300012150 /* Extensions */,
				6D7CD4DE27DF88F500012150 /* Services */,
				6D7CD4D227DF822C00012150 /* Resources */,
				6D7CD4E427DFC55900012150 /* Scenes */,
				6D7CD4A027DF769700012150 /* Persistence.swift */,
				6D7CD4A227DF769700012150 /* ProgressionDiary.xcdatamodeld */,
				6D7CD4C627DF78A100012150 /* GoogleService-Info.plist */,
				6D7CD49D27DF769700012150 /* Preview Content */,
			);
			path = ProgressionDiary;
			sourceTree = "<group>";
		};
		6D7CD49D27DF769700012150 /* Preview Content */ = {
			isa = PBXGroup;
			children = (
				6D7CD49E27DF769700012150 /* Preview Assets.xcassets */,
			);
			path = "Preview Content";
			sourceTree = "<group>";
		};
		6D7CD4AC27DF769800012150 /* ProgressionDiaryTests */ = {
			isa = PBXGroup;
			children = (
				6D1A7FE927E10D4D001AFDCA /* ViewModel */,
				6D1A7FE827E10D42001AFDCA /* Navigator */,
				6D7CD4D127DF7F4A00012150 /* Generated */,
			);
			path = ProgressionDiaryTests;
			sourceTree = "<group>";
		};
		6D7CD4B627DF769800012150 /* ProgressionDiaryUITests */ = {
			isa = PBXGroup;
			children = (
				6D7CD4B727DF769800012150 /* ProgressionDiaryUITests.swift */,
				6D7CD4B927DF769800012150 /* ProgressionDiaryUITestsLaunchTests.swift */,
			);
			path = ProgressionDiaryUITests;
			sourceTree = "<group>";
		};
		6D7CD4D127DF7F4A00012150 /* Generated */ = {
			isa = PBXGroup;
			children = (
				6D7CD4F827E0B94D00012150 /* Mock.generated.swift */,
			);
			path = Generated;
			sourceTree = "<group>";
		};
		6D7CD4D227DF822C00012150 /* Resources */ = {
			isa = PBXGroup;
			children = (
				6D7CD4D827DF85B800012150 /* Generated */,
				6D7CD4D327DF829200012150 /* Localization */,
				6D7CD49B27DF769700012150 /* Assets.xcassets */,
			);
			path = Resources;
			sourceTree = "<group>";
		};
		6D7CD4D327DF829200012150 /* Localization */ = {
			isa = PBXGroup;
			children = (
				6D7CD4D427DF82AB00012150 /* en.lproj */,
			);
			path = Localization;
			sourceTree = "<group>";
		};
		6D7CD4D427DF82AB00012150 /* en.lproj */ = {
			isa = PBXGroup;
			children = (
				6D7CD4D527DF82C600012150 /* Localizable.strings */,
			);
			path = en.lproj;
			sourceTree = "<group>";
		};
		6D7CD4D827DF85B800012150 /* Generated */ = {
			isa = PBXGroup;
			children = (
				6D7CD4D927DF860A00012150 /* Assets.swift */,
				6D7CD4DA27DF860A00012150 /* Localizable.swift */,
			);
			path = Generated;
			sourceTree = "<group>";
		};
		6D7CD4DE27DF88F500012150 /* Services */ = {
			isa = PBXGroup;
			children = (
				6D7CD4DF27DF890800012150 /* AuthService.swift */,
			);
			path = Services;
			sourceTree = "<group>";
		};
		6D7CD4E127DF8D7300012150 /* Extensions */ = {
			isa = PBXGroup;
			children = (
				6D7CD4E227DF8D8A00012150 /* Error+Extensions.swift */,
				6D8AE1112807219900273920 /* Color+Extensions.swift */,
			);
			path = Extensions;
			sourceTree = "<group>";
		};
		6D7CD4E427DFC55900012150 /* Scenes */ = {
			isa = PBXGroup;
			children = (
				6D7CD4E527DFC56B00012150 /* AuthenticationScene */,
				6DD9A68D27E2128700AAC8FD /* Dashboard */,
			);
			path = Scenes;
			sourceTree = "<group>";
		};
		6D7CD4E527DFC56B00012150 /* AuthenticationScene */ = {
			isa = PBXGroup;
			children = (
				6D7CD50C27E0F3C900012150 /* AuthenticationViewModel.swift */,
				6D7CD50E27E0F3DD00012150 /* AuthenticationView.swift */,
			);
			path = AuthenticationScene;
			sourceTree = "<group>";
		};
		6D7CD4ED27DFC6DD00012150 /* Common */ = {
			isa = PBXGroup;
			children = (
				6D73FABF2804AD070014CD96 /* Styles */,
				6DE8074E2802C9720000CADE /* View */,
				6DE8074D2802C17B0000CADE /* ViewModifiers */,
			);
			path = Common;
			sourceTree = "<group>";
		};
		6D7CD4F227E0B5E500012150 /* App */ = {
			isa = PBXGroup;
			children = (
				6D7CD49727DF769500012150 /* ProgressionDiaryApp.swift */,
				6D7CD4F327E0B61800012150 /* AppViewModel.swift */,
				6D7CD4E827DFC62C00012150 /* AppNavigator.swift */,
				6D7CD50127E0ED9400012150 /* AppView.swift */,
			);
			path = App;
			sourceTree = "<group>";
		};
		6D7CD50327E0EE8C00012150 /* DI */ = {
			isa = PBXGroup;
			children = (
				6D7CD50427E0EEE300012150 /* DI.swift */,
				6D7CD50627E0EF1700012150 /* DI+Navigator.swift */,
				6D7CD50827E0EF9700012150 /* DI+Services.swift */,
				6D7CD50A27E0F02800012150 /* DI+ViewModels.swift */,
			);
			path = DI;
			sourceTree = "<group>";
		};
		6DD9A68D27E2128700AAC8FD /* Dashboard */ = {
			isa = PBXGroup;
			children = (
				6DD9A69827E2257300AAC8FD /* Profile */,
				6DD9A68E27E212C400AAC8FD /* DashboardView.swift */,
				6DD9A69027E212E000AAC8FD /* DashboardNavigator.swift */,
				6DD9A69227E2130900AAC8FD /* DashboardViewModel.swift */,
			);
			path = Dashboard;
			sourceTree = "<group>";
		};
		6DD9A69827E2257300AAC8FD /* Profile */ = {
			isa = PBXGroup;
			children = (
				6DD9A69927E2289800AAC8FD /* ProfileViewModel.swift */,
				6DD9A69B27E228BF00AAC8FD /* ProfileView.swift */,
			);
			path = Profile;
			sourceTree = "<group>";
		};
		6DE8074D2802C17B0000CADE /* ViewModifiers */ = {
			isa = PBXGroup;
			children = (
				6D7CD4EE27DFC6F300012150 /* Navigator.swift */,
				6DE8074B2802BBCC0000CADE /* Loading.swift */,
				6DE807512802D2E60000CADE /* ScreenBackground.swift */,
			);
			path = ViewModifiers;
			sourceTree = "<group>";
		};
		6DE8074E2802C9720000CADE /* View */ = {
			isa = PBXGroup;
			children = (
				6DE8074F2802C9800000CADE /* AlertView.swift */,
				6D8AE113280B1CFB00273920 /* SementedControl.swift */,
			);
			path = View;
			sourceTree = "<group>";
		};
/* End PBXGroup section */

/* Begin PBXNativeTarget section */
		6D7CD49327DF769500012150 /* ProgressionDiary */ = {
			isa = PBXNativeTarget;
			buildConfigurationList = 6D7CD4BD27DF769800012150 /* Build configuration list for PBXNativeTarget "ProgressionDiary" */;
			buildPhases = (
				6D7CD49027DF769500012150 /* Sources */,
				6D7CD49127DF769500012150 /* Frameworks */,
				6D7CD49227DF769500012150 /* Resources */,
				6D7CD4DD27DF863F00012150 /* Run SwiftGent */,
			);
			buildRules = (
			);
			dependencies = (
			);
			name = ProgressionDiary;
			packageProductDependencies = (
				6D7CD4C927DF7A2200012150 /* FirebaseAuth */,
				6D7CD4CB27DF7A2200012150 /* FirebaseFirestore */,
				6D7CD4EB27DFC6A100012150 /* Resolver */,
			);
			productName = ProgressionDiary;
			productReference = 6D7CD49427DF769500012150 /* ProgressionDiary.app */;
			productType = "com.apple.product-type.application";
		};
		6D7CD4A827DF769800012150 /* ProgressionDiaryTests */ = {
			isa = PBXNativeTarget;
			buildConfigurationList = 6D7CD4C027DF769800012150 /* Build configuration list for PBXNativeTarget "ProgressionDiaryTests" */;
			buildPhases = (
				6D7CD4A527DF769800012150 /* Sources */,
				6D7CD4A627DF769800012150 /* Frameworks */,
				6D7CD4A727DF769800012150 /* Resources */,
			);
			buildRules = (
			);
			dependencies = (
				6D7CD4AB27DF769800012150 /* PBXTargetDependency */,
			);
			name = ProgressionDiaryTests;
			packageProductDependencies = (
				6D7CD4CF27DF7EA400012150 /* SwiftyMocky */,
			);
			productName = ProgressionDiaryTests;
			productReference = 6D7CD4A927DF769800012150 /* ProgressionDiaryTests.xctest */;
			productType = "com.apple.product-type.bundle.unit-test";
		};
		6D7CD4B227DF769800012150 /* ProgressionDiaryUITests */ = {
			isa = PBXNativeTarget;
			buildConfigurationList = 6D7CD4C327DF769800012150 /* Build configuration list for PBXNativeTarget "ProgressionDiaryUITests" */;
			buildPhases = (
				6D7CD4AF27DF769800012150 /* Sources */,
				6D7CD4B027DF769800012150 /* Frameworks */,
				6D7CD4B127DF769800012150 /* Resources */,
			);
			buildRules = (
			);
			dependencies = (
				6D7CD4B527DF769800012150 /* PBXTargetDependency */,
			);
			name = ProgressionDiaryUITests;
			productName = ProgressionDiaryUITests;
			productReference = 6D7CD4B327DF769800012150 /* ProgressionDiaryUITests.xctest */;
			productType = "com.apple.product-type.bundle.ui-testing";
		};
/* End PBXNativeTarget section */

/* Begin PBXProject section */
		6D7CD48C27DF769500012150 /* Project object */ = {
			isa = PBXProject;
			attributes = {
				BuildIndependentTargetsInParallel = 1;
				LastSwiftUpdateCheck = 1320;
				LastUpgradeCheck = 1320;
				TargetAttributes = {
					6D7CD49327DF769500012150 = {
						CreatedOnToolsVersion = 13.2.1;
					};
					6D7CD4A827DF769800012150 = {
						CreatedOnToolsVersion = 13.2.1;
						LastSwiftMigration = 1320;
						TestTargetID = 6D7CD49327DF769500012150;
					};
					6D7CD4B227DF769800012150 = {
						CreatedOnToolsVersion = 13.2.1;
						TestTargetID = 6D7CD49327DF769500012150;
					};
				};
			};
			buildConfigurationList = 6D7CD48F27DF769500012150 /* Build configuration list for PBXProject "ProgressionDiary" */;
			compatibilityVersion = "Xcode 13.0";
			developmentRegion = en;
			hasScannedForEncodings = 0;
			knownRegions = (
				en,
				Base,
			);
			mainGroup = 6D7CD48B27DF769500012150;
			packageReferences = (
				6D7CD4C827DF7A2200012150 /* XCRemoteSwiftPackageReference "firebase-ios-sdk" */,
				6D7CD4CE27DF7EA400012150 /* XCRemoteSwiftPackageReference "SwiftyMocky" */,
				6D7CD4EA27DFC6A000012150 /* XCRemoteSwiftPackageReference "Resolver" */,
			);
			productRefGroup = 6D7CD49527DF769500012150 /* Products */;
			projectDirPath = "";
			projectRoot = "";
			targets = (
				6D7CD49327DF769500012150 /* ProgressionDiary */,
				6D7CD4A827DF769800012150 /* ProgressionDiaryTests */,
				6D7CD4B227DF769800012150 /* ProgressionDiaryUITests */,
			);
		};
/* End PBXProject section */

/* Begin PBXResourcesBuildPhase section */
		6D7CD49227DF769500012150 /* Resources */ = {
			isa = PBXResourcesBuildPhase;
			buildActionMask = 2147483647;
			files = (
				6D7CD49F27DF769700012150 /* Preview Assets.xcassets in Resources */,
				6D7CD4D727DF82C600012150 /* Localizable.strings in Resources */,
				6D7CD49C27DF769700012150 /* Assets.xcassets in Resources */,
				6D7CD4C727DF78A100012150 /* GoogleService-Info.plist in Resources */,
			);
			runOnlyForDeploymentPostprocessing = 0;
		};
		6D7CD4A727DF769800012150 /* Resources */ = {
			isa = PBXResourcesBuildPhase;
			buildActionMask = 2147483647;
			files = (
			);
			runOnlyForDeploymentPostprocessing = 0;
		};
		6D7CD4B127DF769800012150 /* Resources */ = {
			isa = PBXResourcesBuildPhase;
			buildActionMask = 2147483647;
			files = (
			);
			runOnlyForDeploymentPostprocessing = 0;
		};
/* End PBXResourcesBuildPhase section */

/* Begin PBXShellScriptBuildPhase section */
		6D7CD4DD27DF863F00012150 /* Run SwiftGent */ = {
			isa = PBXShellScriptBuildPhase;
			buildActionMask = 2147483647;
			files = (
			);
			inputFileListPaths = (
			);
			inputPaths = (
			);
			name = "Run SwiftGent";
			outputFileListPaths = (
			);
			outputPaths = (
			);
			runOnlyForDeploymentPostprocessing = 0;
			shellPath = /bin/sh;
			shellScript = "# Type a script or drag a script file from your workspace to insert its path.\nmint run swiftgen\n";
		};
/* End PBXShellScriptBuildPhase section */

/* Begin PBXSourcesBuildPhase section */
		6D7CD49027DF769500012150 /* Sources */ = {
			isa = PBXSourcesBuildPhase;
			buildActionMask = 2147483647;
			files = (
				6D7CD4A127DF769700012150 /* Persistence.swift in Sources */,
				6D7CD4A427DF769700012150 /* ProgressionDiary.xcdatamodeld in Sources */,
				6D7CD50D27E0F3C900012150 /* AuthenticationViewModel.swift in Sources */,
				6D7CD50927E0EF9700012150 /* DI+Services.swift in Sources */,
				6D7CD4F427E0B61800012150 /* AppViewModel.swift in Sources */,
				6D7CD50527E0EEE300012150 /* DI.swift in Sources */,
				6DE807522802D2E60000CADE /* ScreenBackground.swift in Sources */,
				6DD9A69A27E2289800AAC8FD /* ProfileViewModel.swift in Sources */,
				6DE807502802C9800000CADE /* AlertView.swift in Sources */,
				6D7CD50F27E0F3DE00012150 /* AuthenticationView.swift in Sources */,
				6D7CD50B27E0F02800012150 /* DI+ViewModels.swift in Sources */,
				6D8AE1122807219900273920 /* Color+Extensions.swift in Sources */,
				6DD9A69127E212E000AAC8FD /* DashboardNavigator.swift in Sources */,
				6DE8074C2802BBCC0000CADE /* Loading.swift in Sources */,
				6D73FAC12804AD290014CD96 /* DefaultTextFieldStyle.swift in Sources */,
				6D7CD50727E0EF1700012150 /* DI+Navigator.swift in Sources */,
				6D7CD4E927DFC62C00012150 /* AppNavigator.swift in Sources */,
				6DD9A69327E2130900AAC8FD /* DashboardViewModel.swift in Sources */,
				6D7CD4DB27DF860B00012150 /* Assets.swift in Sources */,
				6D7CD4EF27DFC6F400012150 /* Navigator.swift in Sources */,
				6D7CD4DC27DF860B00012150 /* Localizable.swift in Sources */,
				6D73FABE280475A40014CD96 /* DefaultButtonStyle.swift in Sources */,
				6DD9A68F27E212C400AAC8FD /* DashboardView.swift in Sources */,
				6D8AE114280B1CFC00273920 /* SementedControl.swift in Sources */,
				6D7CD50227E0ED9400012150 /* AppView.swift in Sources */,
				6D7CD49827DF769500012150 /* ProgressionDiaryApp.swift in Sources */,
				6D7CD4E327DF8D8A00012150 /* Error+Extensions.swift in Sources */,
				6DD9A69C27E228BF00AAC8FD /* ProfileView.swift in Sources */,
				6D7CD4E027DF890800012150 /* AuthService.swift in Sources */,
			);
			runOnlyForDeploymentPostprocessing = 0;
		};
		6D7CD4A527DF769800012150 /* Sources */ = {
			isa = PBXSourcesBuildPhase;
			buildActionMask = 2147483647;
			files = (
				6D7CD4FE27E0C00100012150 /* Mock.generated.swift in Sources */,
				6D56C5A727E359080084739C /* ProfileViewModelTest.swift in Sources */,
				6DD9A69527E2157D00AAC8FD /* DashboardViewModelTest.swift in Sources */,
				6D1A7FE727E100AF001AFDCA /* AppNavigatorTest.swift in Sources */,
				6D1A7FEB27E10F19001AFDCA /* AuthhenticationViewModelTest.swift in Sources */,
				6D56C5A527E3570F0084739C /* DashboardNavigatorTest.swift in Sources */,
				6D7CD4FD27E0BEEB00012150 /* AppViewModelTest.swift in Sources */,
			);
			runOnlyForDeploymentPostprocessing = 0;
		};
		6D7CD4AF27DF769800012150 /* Sources */ = {
			isa = PBXSourcesBuildPhase;
			buildActionMask = 2147483647;
			files = (
				6D7CD4BA27DF769800012150 /* ProgressionDiaryUITestsLaunchTests.swift in Sources */,
				6D7CD4B827DF769800012150 /* ProgressionDiaryUITests.swift in Sources */,
			);
			runOnlyForDeploymentPostprocessing = 0;
		};
/* End PBXSourcesBuildPhase section */

/* Begin PBXTargetDependency section */
		6D7CD4AB27DF769800012150 /* PBXTargetDependency */ = {
			isa = PBXTargetDependency;
			target = 6D7CD49327DF769500012150 /* ProgressionDiary */;
			targetProxy = 6D7CD4AA27DF769800012150 /* PBXContainerItemProxy */;
		};
		6D7CD4B527DF769800012150 /* PBXTargetDependency */ = {
			isa = PBXTargetDependency;
			target = 6D7CD49327DF769500012150 /* ProgressionDiary */;
			targetProxy = 6D7CD4B427DF769800012150 /* PBXContainerItemProxy */;
		};
/* End PBXTargetDependency section */

/* Begin PBXVariantGroup section */
		6D7CD4D527DF82C600012150 /* Localizable.strings */ = {
			isa = PBXVariantGroup;
			children = (
				6D7CD4D627DF82C600012150 /* en */,
			);
			name = Localizable.strings;
			sourceTree = "<group>";
		};
/* End PBXVariantGroup section */

/* Begin XCBuildConfiguration section */
		6D7CD4BB27DF769800012150 /* Debug */ = {
			isa = XCBuildConfiguration;
			buildSettings = {
				ALWAYS_SEARCH_USER_PATHS = NO;
				CLANG_ANALYZER_NONNULL = YES;
				CLANG_ANALYZER_NUMBER_OBJECT_CONVERSION = YES_AGGRESSIVE;
				CLANG_CXX_LANGUAGE_STANDARD = "gnu++17";
				CLANG_CXX_LIBRARY = "libc++";
				CLANG_ENABLE_MODULES = YES;
				CLANG_ENABLE_OBJC_ARC = YES;
				CLANG_ENABLE_OBJC_WEAK = YES;
				CLANG_WARN_BLOCK_CAPTURE_AUTORELEASING = YES;
				CLANG_WARN_BOOL_CONVERSION = YES;
				CLANG_WARN_COMMA = YES;
				CLANG_WARN_CONSTANT_CONVERSION = YES;
				CLANG_WARN_DEPRECATED_OBJC_IMPLEMENTATIONS = YES;
				CLANG_WARN_DIRECT_OBJC_ISA_USAGE = YES_ERROR;
				CLANG_WARN_DOCUMENTATION_COMMENTS = YES;
				CLANG_WARN_EMPTY_BODY = YES;
				CLANG_WARN_ENUM_CONVERSION = YES;
				CLANG_WARN_INFINITE_RECURSION = YES;
				CLANG_WARN_INT_CONVERSION = YES;
				CLANG_WARN_NON_LITERAL_NULL_CONVERSION = YES;
				CLANG_WARN_OBJC_IMPLICIT_RETAIN_SELF = YES;
				CLANG_WARN_OBJC_LITERAL_CONVERSION = YES;
				CLANG_WARN_OBJC_ROOT_CLASS = YES_ERROR;
				CLANG_WARN_QUOTED_INCLUDE_IN_FRAMEWORK_HEADER = YES;
				CLANG_WARN_RANGE_LOOP_ANALYSIS = YES;
				CLANG_WARN_STRICT_PROTOTYPES = YES;
				CLANG_WARN_SUSPICIOUS_MOVE = YES;
				CLANG_WARN_UNGUARDED_AVAILABILITY = YES_AGGRESSIVE;
				CLANG_WARN_UNREACHABLE_CODE = YES;
				CLANG_WARN__DUPLICATE_METHOD_MATCH = YES;
				COPY_PHASE_STRIP = NO;
				DEBUG_INFORMATION_FORMAT = dwarf;
				ENABLE_STRICT_OBJC_MSGSEND = YES;
				ENABLE_TESTABILITY = YES;
				GCC_C_LANGUAGE_STANDARD = gnu11;
				GCC_DYNAMIC_NO_PIC = NO;
				GCC_NO_COMMON_BLOCKS = YES;
				GCC_OPTIMIZATION_LEVEL = 0;
				GCC_PREPROCESSOR_DEFINITIONS = (
					"DEBUG=1",
					"$(inherited)",
				);
				GCC_WARN_64_TO_32_BIT_CONVERSION = YES;
				GCC_WARN_ABOUT_RETURN_TYPE = YES_ERROR;
				GCC_WARN_UNDECLARED_SELECTOR = YES;
				GCC_WARN_UNINITIALIZED_AUTOS = YES_AGGRESSIVE;
				GCC_WARN_UNUSED_FUNCTION = YES;
				GCC_WARN_UNUSED_VARIABLE = YES;
				IPHONEOS_DEPLOYMENT_TARGET = 15.2;
				MTL_ENABLE_DEBUG_INFO = INCLUDE_SOURCE;
				MTL_FAST_MATH = YES;
				ONLY_ACTIVE_ARCH = YES;
				SDKROOT = iphoneos;
				SWIFT_ACTIVE_COMPILATION_CONDITIONS = DEBUG;
				SWIFT_OPTIMIZATION_LEVEL = "-Onone";
			};
			name = Debug;
		};
		6D7CD4BC27DF769800012150 /* Release */ = {
			isa = XCBuildConfiguration;
			buildSettings = {
				ALWAYS_SEARCH_USER_PATHS = NO;
				CLANG_ANALYZER_NONNULL = YES;
				CLANG_ANALYZER_NUMBER_OBJECT_CONVERSION = YES_AGGRESSIVE;
				CLANG_CXX_LANGUAGE_STANDARD = "gnu++17";
				CLANG_CXX_LIBRARY = "libc++";
				CLANG_ENABLE_MODULES = YES;
				CLANG_ENABLE_OBJC_ARC = YES;
				CLANG_ENABLE_OBJC_WEAK = YES;
				CLANG_WARN_BLOCK_CAPTURE_AUTORELEASING = YES;
				CLANG_WARN_BOOL_CONVERSION = YES;
				CLANG_WARN_COMMA = YES;
				CLANG_WARN_CONSTANT_CONVERSION = YES;
				CLANG_WARN_DEPRECATED_OBJC_IMPLEMENTATIONS = YES;
				CLANG_WARN_DIRECT_OBJC_ISA_USAGE = YES_ERROR;
				CLANG_WARN_DOCUMENTATION_COMMENTS = YES;
				CLANG_WARN_EMPTY_BODY = YES;
				CLANG_WARN_ENUM_CONVERSION = YES;
				CLANG_WARN_INFINITE_RECURSION = YES;
				CLANG_WARN_INT_CONVERSION = YES;
				CLANG_WARN_NON_LITERAL_NULL_CONVERSION = YES;
				CLANG_WARN_OBJC_IMPLICIT_RETAIN_SELF = YES;
				CLANG_WARN_OBJC_LITERAL_CONVERSION = YES;
				CLANG_WARN_OBJC_ROOT_CLASS = YES_ERROR;
				CLANG_WARN_QUOTED_INCLUDE_IN_FRAMEWORK_HEADER = YES;
				CLANG_WARN_RANGE_LOOP_ANALYSIS = YES;
				CLANG_WARN_STRICT_PROTOTYPES = YES;
				CLANG_WARN_SUSPICIOUS_MOVE = YES;
				CLANG_WARN_UNGUARDED_AVAILABILITY = YES_AGGRESSIVE;
				CLANG_WARN_UNREACHABLE_CODE = YES;
				CLANG_WARN__DUPLICATE_METHOD_MATCH = YES;
				COPY_PHASE_STRIP = NO;
				DEBUG_INFORMATION_FORMAT = "dwarf-with-dsym";
				ENABLE_NS_ASSERTIONS = NO;
				ENABLE_STRICT_OBJC_MSGSEND = YES;
				GCC_C_LANGUAGE_STANDARD = gnu11;
				GCC_NO_COMMON_BLOCKS = YES;
				GCC_WARN_64_TO_32_BIT_CONVERSION = YES;
				GCC_WARN_ABOUT_RETURN_TYPE = YES_ERROR;
				GCC_WARN_UNDECLARED_SELECTOR = YES;
				GCC_WARN_UNINITIALIZED_AUTOS = YES_AGGRESSIVE;
				GCC_WARN_UNUSED_FUNCTION = YES;
				GCC_WARN_UNUSED_VARIABLE = YES;
				IPHONEOS_DEPLOYMENT_TARGET = 15.2;
				MTL_ENABLE_DEBUG_INFO = NO;
				MTL_FAST_MATH = YES;
				SDKROOT = iphoneos;
				SWIFT_COMPILATION_MODE = wholemodule;
				SWIFT_OPTIMIZATION_LEVEL = "-O";
				VALIDATE_PRODUCT = YES;
			};
			name = Release;
		};
		6D7CD4BE27DF769800012150 /* Debug */ = {
			isa = XCBuildConfiguration;
			buildSettings = {
				ASSETCATALOG_COMPILER_APPICON_NAME = AppIcon;
				ASSETCATALOG_COMPILER_GLOBAL_ACCENT_COLOR_NAME = AccentColor;
				CODE_SIGN_STYLE = Automatic;
				CURRENT_PROJECT_VERSION = 1;
				DEVELOPMENT_ASSET_PATHS = "\"ProgressionDiary/Preview Content\"";
				DEVELOPMENT_TEAM = KMU6VV9XR5;
				ENABLE_PREVIEWS = YES;
				GENERATE_INFOPLIST_FILE = YES;
				INFOPLIST_KEY_UIApplicationSceneManifest_Generation = YES;
				INFOPLIST_KEY_UIApplicationSupportsIndirectInputEvents = YES;
				INFOPLIST_KEY_UILaunchScreen_Generation = YES;
				INFOPLIST_KEY_UISupportedInterfaceOrientations_iPad = "UIInterfaceOrientationPortrait UIInterfaceOrientationPortraitUpsideDown UIInterfaceOrientationLandscapeLeft UIInterfaceOrientationLandscapeRight";
				INFOPLIST_KEY_UISupportedInterfaceOrientations_iPhone = "UIInterfaceOrientationPortrait UIInterfaceOrientationLandscapeLeft UIInterfaceOrientationLandscapeRight";
				IPHONEOS_DEPLOYMENT_TARGET = 14.0;
				LD_RUNPATH_SEARCH_PATHS = (
					"$(inherited)",
					"@executable_path/Frameworks",
				);
				MARKETING_VERSION = 1.0;
				PRODUCT_BUNDLE_IDENTIFIER = GK.ProgressionDiary;
				PRODUCT_NAME = "$(TARGET_NAME)";
				SWIFT_EMIT_LOC_STRINGS = YES;
				SWIFT_VERSION = 5.0;
				TARGETED_DEVICE_FAMILY = "1,2";
			};
			name = Debug;
		};
		6D7CD4BF27DF769800012150 /* Release */ = {
			isa = XCBuildConfiguration;
			buildSettings = {
				ASSETCATALOG_COMPILER_APPICON_NAME = AppIcon;
				ASSETCATALOG_COMPILER_GLOBAL_ACCENT_COLOR_NAME = AccentColor;
				CODE_SIGN_STYLE = Automatic;
				CURRENT_PROJECT_VERSION = 1;
				DEVELOPMENT_ASSET_PATHS = "\"ProgressionDiary/Preview Content\"";
				DEVELOPMENT_TEAM = KMU6VV9XR5;
				ENABLE_PREVIEWS = YES;
				GENERATE_INFOPLIST_FILE = YES;
				INFOPLIST_KEY_UIApplicationSceneManifest_Generation = YES;
				INFOPLIST_KEY_UIApplicationSupportsIndirectInputEvents = YES;
				INFOPLIST_KEY_UILaunchScreen_Generation = YES;
				INFOPLIST_KEY_UISupportedInterfaceOrientations_iPad = "UIInterfaceOrientationPortrait UIInterfaceOrientationPortraitUpsideDown UIInterfaceOrientationLandscapeLeft UIInterfaceOrientationLandscapeRight";
				INFOPLIST_KEY_UISupportedInterfaceOrientations_iPhone = "UIInterfaceOrientationPortrait UIInterfaceOrientationLandscapeLeft UIInterfaceOrientationLandscapeRight";
				IPHONEOS_DEPLOYMENT_TARGET = 14.0;
				LD_RUNPATH_SEARCH_PATHS = (
					"$(inherited)",
					"@executable_path/Frameworks",
				);
				MARKETING_VERSION = 1.0;
				PRODUCT_BUNDLE_IDENTIFIER = GK.ProgressionDiary;
				PRODUCT_NAME = "$(TARGET_NAME)";
				SWIFT_EMIT_LOC_STRINGS = YES;
				SWIFT_VERSION = 5.0;
				TARGETED_DEVICE_FAMILY = "1,2";
			};
			name = Release;
		};
		6D7CD4C127DF769800012150 /* Debug */ = {
			isa = XCBuildConfiguration;
			buildSettings = {
				ALWAYS_EMBED_SWIFT_STANDARD_LIBRARIES = YES;
				BUNDLE_LOADER = "$(TEST_HOST)";
				CLANG_ENABLE_MODULES = YES;
				CODE_SIGN_STYLE = Automatic;
				CURRENT_PROJECT_VERSION = 1;
				DEVELOPMENT_TEAM = KMU6VV9XR5;
				GENERATE_INFOPLIST_FILE = YES;
				IPHONEOS_DEPLOYMENT_TARGET = 15.2;
				LD_RUNPATH_SEARCH_PATHS = (
					"$(inherited)",
					"@executable_path/Frameworks",
					"@loader_path/Frameworks",
				);
				MARKETING_VERSION = 1.0;
				PRODUCT_BUNDLE_IDENTIFIER = GK.ProgressionDiaryTests;
				PRODUCT_NAME = "$(TARGET_NAME)";
				SWIFT_EMIT_LOC_STRINGS = NO;
				SWIFT_OPTIMIZATION_LEVEL = "-Onone";
				SWIFT_VERSION = 5.0;
				TARGETED_DEVICE_FAMILY = "1,2";
				TEST_HOST = "$(BUILT_PRODUCTS_DIR)/ProgressionDiary.app/ProgressionDiary";
			};
			name = Debug;
		};
		6D7CD4C227DF769800012150 /* Release */ = {
			isa = XCBuildConfiguration;
			buildSettings = {
				ALWAYS_EMBED_SWIFT_STANDARD_LIBRARIES = YES;
				BUNDLE_LOADER = "$(TEST_HOST)";
				CLANG_ENABLE_MODULES = YES;
				CODE_SIGN_STYLE = Automatic;
				CURRENT_PROJECT_VERSION = 1;
				DEVELOPMENT_TEAM = KMU6VV9XR5;
				GENERATE_INFOPLIST_FILE = YES;
				IPHONEOS_DEPLOYMENT_TARGET = 15.2;
				LD_RUNPATH_SEARCH_PATHS = (
					"$(inherited)",
					"@executable_path/Frameworks",
					"@loader_path/Frameworks",
				);
				MARKETING_VERSION = 1.0;
				PRODUCT_BUNDLE_IDENTIFIER = GK.ProgressionDiaryTests;
				PRODUCT_NAME = "$(TARGET_NAME)";
				SWIFT_EMIT_LOC_STRINGS = NO;
				SWIFT_VERSION = 5.0;
				TARGETED_DEVICE_FAMILY = "1,2";
				TEST_HOST = "$(BUILT_PRODUCTS_DIR)/ProgressionDiary.app/ProgressionDiary";
			};
			name = Release;
		};
		6D7CD4C427DF769800012150 /* Debug */ = {
			isa = XCBuildConfiguration;
			buildSettings = {
				ALWAYS_EMBED_SWIFT_STANDARD_LIBRARIES = YES;
				CODE_SIGN_STYLE = Automatic;
				CURRENT_PROJECT_VERSION = 1;
				DEVELOPMENT_TEAM = KMU6VV9XR5;
				GENERATE_INFOPLIST_FILE = YES;
				MARKETING_VERSION = 1.0;
				PRODUCT_BUNDLE_IDENTIFIER = GK.ProgressionDiaryUITests;
				PRODUCT_NAME = "$(TARGET_NAME)";
				SWIFT_EMIT_LOC_STRINGS = NO;
				SWIFT_VERSION = 5.0;
				TARGETED_DEVICE_FAMILY = "1,2";
				TEST_TARGET_NAME = ProgressionDiary;
			};
			name = Debug;
		};
		6D7CD4C527DF769800012150 /* Release */ = {
			isa = XCBuildConfiguration;
			buildSettings = {
				ALWAYS_EMBED_SWIFT_STANDARD_LIBRARIES = YES;
				CODE_SIGN_STYLE = Automatic;
				CURRENT_PROJECT_VERSION = 1;
				DEVELOPMENT_TEAM = KMU6VV9XR5;
				GENERATE_INFOPLIST_FILE = YES;
				MARKETING_VERSION = 1.0;
				PRODUCT_BUNDLE_IDENTIFIER = GK.ProgressionDiaryUITests;
				PRODUCT_NAME = "$(TARGET_NAME)";
				SWIFT_EMIT_LOC_STRINGS = NO;
				SWIFT_VERSION = 5.0;
				TARGETED_DEVICE_FAMILY = "1,2";
				TEST_TARGET_NAME = ProgressionDiary;
			};
			name = Release;
		};
/* End XCBuildConfiguration section */

/* Begin XCConfigurationList section */
		6D7CD48F27DF769500012150 /* Build configuration list for PBXProject "ProgressionDiary" */ = {
			isa = XCConfigurationList;
			buildConfigurations = (
				6D7CD4BB27DF769800012150 /* Debug */,
				6D7CD4BC27DF769800012150 /* Release */,
			);
			defaultConfigurationIsVisible = 0;
			defaultConfigurationName = Release;
		};
		6D7CD4BD27DF769800012150 /* Build configuration list for PBXNativeTarget "ProgressionDiary" */ = {
			isa = XCConfigurationList;
			buildConfigurations = (
				6D7CD4BE27DF769800012150 /* Debug */,
				6D7CD4BF27DF769800012150 /* Release */,
			);
			defaultConfigurationIsVisible = 0;
			defaultConfigurationName = Release;
		};
		6D7CD4C027DF769800012150 /* Build configuration list for PBXNativeTarget "ProgressionDiaryTests" */ = {
			isa = XCConfigurationList;
			buildConfigurations = (
				6D7CD4C127DF769800012150 /* Debug */,
				6D7CD4C227DF769800012150 /* Release */,
			);
			defaultConfigurationIsVisible = 0;
			defaultConfigurationName = Release;
		};
		6D7CD4C327DF769800012150 /* Build configuration list for PBXNativeTarget "ProgressionDiaryUITests" */ = {
			isa = XCConfigurationList;
			buildConfigurations = (
				6D7CD4C427DF769800012150 /* Debug */,
				6D7CD4C527DF769800012150 /* Release */,
			);
			defaultConfigurationIsVisible = 0;
			defaultConfigurationName = Release;
		};
/* End XCConfigurationList section */

/* Begin XCRemoteSwiftPackageReference section */
		6D7CD4C827DF7A2200012150 /* XCRemoteSwiftPackageReference "firebase-ios-sdk" */ = {
			isa = XCRemoteSwiftPackageReference;
			repositoryURL = "https://github.com/firebase/firebase-ios-sdk";
			requirement = {
				branch = master;
				kind = branch;
			};
		};
		6D7CD4CE27DF7EA400012150 /* XCRemoteSwiftPackageReference "SwiftyMocky" */ = {
			isa = XCRemoteSwiftPackageReference;
			repositoryURL = "https://github.com/MakeAWishFoundation/SwiftyMocky";
			requirement = {
				kind = upToNextMajorVersion;
				minimumVersion = 4.0.0;
			};
		};
		6D7CD4EA27DFC6A000012150 /* XCRemoteSwiftPackageReference "Resolver" */ = {
			isa = XCRemoteSwiftPackageReference;
			repositoryURL = "https://github.com/hmlongco/Resolver.git";
			requirement = {
				kind = upToNextMajorVersion;
				minimumVersion = 1.0.0;
			};
		};
/* End XCRemoteSwiftPackageReference section */

/* Begin XCSwiftPackageProductDependency section */
		6D7CD4C927DF7A2200012150 /* FirebaseAuth */ = {
			isa = XCSwiftPackageProductDependency;
			package = 6D7CD4C827DF7A2200012150 /* XCRemoteSwiftPackageReference "firebase-ios-sdk" */;
			productName = FirebaseAuth;
		};
		6D7CD4CB27DF7A2200012150 /* FirebaseFirestore */ = {
			isa = XCSwiftPackageProductDependency;
			package = 6D7CD4C827DF7A2200012150 /* XCRemoteSwiftPackageReference "firebase-ios-sdk" */;
			productName = FirebaseFirestore;
		};
		6D7CD4CF27DF7EA400012150 /* SwiftyMocky */ = {
			isa = XCSwiftPackageProductDependency;
			package = 6D7CD4CE27DF7EA400012150 /* XCRemoteSwiftPackageReference "SwiftyMocky" */;
			productName = SwiftyMocky;
		};
		6D7CD4EB27DFC6A100012150 /* Resolver */ = {
			isa = XCSwiftPackageProductDependency;
			package = 6D7CD4EA27DFC6A000012150 /* XCRemoteSwiftPackageReference "Resolver" */;
			productName = Resolver;
		};
/* End XCSwiftPackageProductDependency section */

/* Begin XCVersionGroup section */
		6D7CD4A227DF769700012150 /* ProgressionDiary.xcdatamodeld */ = {
			isa = XCVersionGroup;
			children = (
				6D7CD4A327DF769700012150 /* ProgressionDiary.xcdatamodel */,
			);
			currentVersion = 6D7CD4A327DF769700012150 /* ProgressionDiary.xcdatamodel */;
			path = ProgressionDiary.xcdatamodeld;
			sourceTree = "<group>";
			versionGroupType = wrapper.xcdatamodel;
		};
/* End XCVersionGroup section */
	};
	rootObject = 6D7CD48C27DF769500012150 /* Project object */;
}
